
Microsoft Visual Studio Solution File, Format Version 11.00
# Visual Studio 2010
Project("{FAE04EC0-301F-11D3-BF4B-00C04F79EFBC}") = "SWScrollView", "SWScrollView\SWScrollView.csproj", "{F61D5431-9993-4824-BBF0-4A3A41D0FFA9}"
EndProject
Global
	GlobalSection(SolutionConfigurationPlatforms) = preSolution
		Debug|Any CPU = Debug|Any CPU
		Release|Any CPU = Release|Any CPU
		Debug|iPhoneSimulator = Debug|iPhoneSimulator
		Release|iPhoneSimulator = Release|iPhoneSimulator
		Debug|iPhone = Debug|iPhone
		Release|iPhone = Release|iPhone
		Ad-Hoc|iPhone = Ad-Hoc|iPhone
		AppStore|iPhone = AppStore|iPhone
	EndGlobalSection
	GlobalSection(ProjectConfigurationPlatforms) = postSolution
		{F61D5431-9993-4824-BBF0-4A3A41D0FFA9}.Ad-Hoc|iPhone.ActiveCfg = Debug|Any CPU
		{F61D5431-9993-4824-BBF0-4A3A41D0FFA9}.Ad-Hoc|iPhone.Build.0 = Debug|Any CPU
		{F61D5431-9993-4824-BBF0-4A3A41D0FFA9}.AppStore|iPhone.ActiveCfg = Debug|Any CPU
		{F61D5431-9993-4824-BBF0-4A3A41D0FFA9}.AppStore|iPhone.Build.0 = Debug|Any CPU
		{F61D5431-9993-4824-BBF0-4A3A41D0FFA9}.Debug|Any CPU.ActiveCfg = Debug|Any CPU
		{F61D5431-9993-4824-BBF0-4A3A41D0FFA9}.Debug|Any CPU.Build.0 = Debug|Any CPU
		{F61D5431-9993-4824-BBF0-4A3A41D0FFA9}.Debug|iPhone.ActiveCfg = Debug|Any CPU
		{F61D5431-9993-4824-BBF0-4A3A41D0FFA9}.Debug|iPhone.Build.0 = Debug|Any CPU
		{F61D5431-9993-4824-BBF0-4A3A41D0FFA9}.Debug|iPhoneSimulator.ActiveCfg = Debug|Any CPU
		{F61D5431-9993-4824-BBF0-4A3A41D0FFA9}.Debug|iPhoneSimulator.Build.0 = Debug|Any CPU
		{F61D5431-9993-4824-BBF0-4A3A41D0FFA9}.Release|Any CPU.ActiveCfg = Release|Any CPU
		{F61D5431-9993-4824-BBF0-4A3A41D0FFA9}.Release|Any CPU.Build.0 = Release|Any CPU
		{F61D5431-9993-4824-BBF0-4A3A41D0FFA9}.Release|iPhone.ActiveCfg = Release|Any CPU
		{F61D5431-9993-4824-BBF0-4A3A41D0FFA9}.Release|iPhone.Build.0 = Release|Any CPU
		{F61D5431-9993-4824-BBF0-4A3A41D0FFA9}.Release|iPhoneSimulator.ActiveCfg = Release|Any CPU
		{F61D5431-9993-4824-BBF0-4A3A41D0FFA9}.Release|iPhoneSimulator.Build.0 = Release|Any CPU
	EndGlobalSection
	GlobalSection(MonoDevelopProperties) = preSolution
		StartupItem = SWScrollView\SWScrollView.csproj
	EndGlobalSection
EndGlobal
